
Microsoft Visual Studio Solution File, Format Version 12.00
# Visual Studio Version 17
VisualStudioVersion = 17.5.33627.172
MinimumVisualStudioVersion = 10.0.40219.1
Project("{8BC9CEB8-8B4A-11D0-8D11-00A0C91BC942}") = "PPM-Load", "PPM-Load.vcxproj", "{A65AF691-19B3-43F9-B42C-FD81E824841D}"
EndProject
Project("{8BC9CEB8-8B4A-11D0-8D11-00A0C91BC942}") = "PPM-Split", "..\PPM-Split\PPM-Split.vcxproj", "{7320FE89-BE89-40E5-8A84-398CF908A5BF}"
EndProject
Project("{8BC9CEB8-8B4A-11D0-8D11-00A0C91BC942}") = "Packbits", "..\Packbits\Packbits.vcxproj", "{AF34051C-7387-472E-AC38-0A68A679ED01}"
EndProject
Project("{8BC9CEB8-8B4A-11D0-8D11-00A0C91BC942}") = "Base64", "..\Base64\Base64.vcxproj", "{71527C87-5873-4D09-8594-26706F8CDD5B}"
EndProject
Project("{8BC9CEB8-8B4A-11D0-8D11-00A0C91BC942}") = "JSON", "..\JSON\JSON.vcxproj", "{05FC02BA-6F76-4582-BE23-E63DBE4D44EB}"
EndProject
Global
	GlobalSection(SolutionConfigurationPlatforms) = preSolution
		Debug|x64 = Debug|x64
		Debug|x86 = Debug|x86
		Release|x64 = Release|x64
		Release|x86 = Release|x86
	EndGlobalSection
	GlobalSection(ProjectConfigurationPlatforms) = postSolution
		{A65AF691-19B3-43F9-B42C-FD81E824841D}.Debug|x64.ActiveCfg = Debug|x64
		{A65AF691-19B3-43F9-B42C-FD81E824841D}.Debug|x64.Build.0 = Debug|x64
		{A65AF691-19B3-43F9-B42C-FD81E824841D}.Debug|x86.ActiveCfg = Debug|Win32
		{A65AF691-19B3-43F9-B42C-FD81E824841D}.Debug|x86.Build.0 = Debug|Win32
		{A65AF691-19B3-43F9-B42C-FD81E824841D}.Release|x64.ActiveCfg = Release|x64
		{A65AF691-19B3-43F9-B42C-FD81E824841D}.Release|x64.Build.0 = Release|x64
		{A65AF691-19B3-43F9-B42C-FD81E824841D}.Release|x86.ActiveCfg = Release|Win32
		{A65AF691-19B3-43F9-B42C-FD81E824841D}.Release|x86.Build.0 = Release|Win32
		{7320FE89-BE89-40E5-8A84-398CF908A5BF}.Debug|x64.ActiveCfg = Debug|x64
		{7320FE89-BE89-40E5-8A84-398CF908A5BF}.Debug|x64.Build.0 = Debug|x64
		{7320FE89-BE89-40E5-8A84-398CF908A5BF}.Debug|x86.ActiveCfg = Debug|Win32
		{7320FE89-BE89-40E5-8A84-398CF908A5BF}.Debug|x86.Build.0 = Debug|Win32
		{7320FE89-BE89-40E5-8A84-398CF908A5BF}.Release|x64.ActiveCfg = Release|x64
		{7320FE89-BE89-40E5-8A84-398CF908A5BF}.Release|x64.Build.0 = Release|x64
		{7320FE89-BE89-40E5-8A84-398CF908A5BF}.Release|x86.ActiveCfg = Release|Win32
		{7320FE89-BE89-40E5-8A84-398CF908A5BF}.Release|x86.Build.0 = Release|Win32
		{AF34051C-7387-472E-AC38-0A68A679ED01}.Debug|x64.ActiveCfg = Debug|x64
		{AF34051C-7387-472E-AC38-0A68A679ED01}.Debug|x64.Build.0 = Debug|x64
		{AF34051C-7387-472E-AC38-0A68A679ED01}.Debug|x86.ActiveCfg = Debug|Win32
		{AF34051C-7387-472E-AC38-0A68A679ED01}.Debug|x86.Build.0 = Debug|Win32
		{AF34051C-7387-472E-AC38-0A68A679ED01}.Release|x64.ActiveCfg = Release|x64
		{AF34051C-7387-472E-AC38-0A68A679ED01}.Release|x64.Build.0 = Release|x64
		{AF34051C-7387-472E-AC38-0A68A679ED01}.Release|x86.ActiveCfg = Release|Win32
		{AF34051C-7387-472E-AC38-0A68A679ED01}.Release|x86.Build.0 = Release|Win32
		{71527C87-5873-4D09-8594-26706F8CDD5B}.Debug|x64.ActiveCfg = Debug|x64
		{71527C87-5873-4D09-8594-26706F8CDD5B}.Debug|x64.Build.0 = Debug|x64
		{71527C87-5873-4D09-8594-26706F8CDD5B}.Debug|x86.ActiveCfg = Debug|Win32
		{71527C87-5873-4D09-8594-26706F8CDD5B}.Debug|x86.Build.0 = Debug|Win32
		{71527C87-5873-4D09-8594-26706F8CDD5B}.Release|x64.ActiveCfg = Release|x64
		{71527C87-5873-4D09-8594-26706F8CDD5B}.Release|x64.Build.0 = Release|x64
		{71527C87-5873-4D09-8594-26706F8CDD5B}.Release|x86.ActiveCfg = Release|Win32
		{71527C87-5873-4D09-8594-26706F8CDD5B}.Release|x86.Build.0 = Release|Win32
		{05FC02BA-6F76-4582-BE23-E63DBE4D44EB}.Debug|x64.ActiveCfg = Debug|x64
		{05FC02BA-6F76-4582-BE23-E63DBE4D44EB}.Debug|x64.Build.0 = Debug|x64
		{05FC02BA-6F76-4582-BE23-E63DBE4D44EB}.Debug|x86.ActiveCfg = Debug|Win32
		{05FC02BA-6F76-4582-BE23-E63DBE4D44EB}.Debug|x86.Build.0 = Debug|Win32
		{05FC02BA-6F76-4582-BE23-E63DBE4D44EB}.Release|x64.ActiveCfg = Release|x64
		{05FC02BA-6F76-4582-BE23-E63DBE4D44EB}.Release|x64.Build.0 = Release|x64
		{05FC02BA-6F76-4582-BE23-E63DBE4D44EB}.Release|x86.ActiveCfg = Release|Win32
		{05FC02BA-6F76-4582-BE23-E63DBE4D44EB}.Release|x86.Build.0 = Release|Win32
	EndGlobalSection
	GlobalSection(SolutionProperties) = preSolution
		HideSolutionNode = FALSE
	EndGlobalSection
	GlobalSection(ExtensibilityGlobals) = postSolution
		SolutionGuid = {B704B405-9F7A-4ECE-AF45-94ABF40AA416}
	EndGlobalSection
EndGlobal
